# THIS IS AN AUTOGENERATED FILE. DO NOT EDIT THIS FILE DIRECTLY.
# yarn lockfile v1


accepts@~1.3.5:
  version "1.3.5"
  resolved "https://registry.yarnpkg.com/accepts/-/accepts-1.3.5.tgz#eb777df6011723a3b14e8a72c0805c8e86746bd2"
  dependencies:
    mime-types "~2.1.18"
    negotiator "0.6.1"

afinn-165@^1.0.2:
  version "1.0.2"
  resolved "https://registry.yarnpkg.com/afinn-165/-/afinn-165-1.0.2.tgz#11ba700eae4af3e97e72dcf9c7f1249e4bff1db7"

ansi-align@^2.0.0:
  version "2.0.0"
  resolved "https://registry.yarnpkg.com/ansi-align/-/ansi-align-2.0.0.tgz#c36aeccba563b89ceb556f3690f0b1d9e3547f7f"
  dependencies:
    string-width "^2.0.0"

ansi-regex@^3.0.0:
  version "3.0.0"
  resolved "https://registry.yarnpkg.com/ansi-regex/-/ansi-regex-3.0.0.tgz#ed0317c322064f79466c02966bddb605ab37d998"

ansi-styles@^3.2.1:
  version "3.2.1"
  resolved "https://registry.yarnpkg.com/ansi-styles/-/ansi-styles-3.2.1.tgz#41fbb20243e50b12be0f04b8dedbf07520ce841d"
  dependencies:
    color-convert "^1.9.0"

apparatus@^0.0.10:
  version "0.0.10"
  resolved "https://registry.yarnpkg.com/apparatus/-/apparatus-0.0.10.tgz#81ea756772ada77863db54ceee8202c109bdca3e"
  dependencies:
    sylvester ">= 0.0.8"

array-flatten@1.1.1:
  version "1.1.1"
  resolved "https://registry.yarnpkg.com/array-flatten/-/array-flatten-1.1.1.tgz#9a5f699051b1e7073328f2a008968b64ea2955d2"

body-parser@1.18.2:
  version "1.18.2"
  resolved "https://registry.yarnpkg.com/body-parser/-/body-parser-1.18.2.tgz#87678a19d84b47d859b83199bd59bce222b10454"
  dependencies:
    bytes "3.0.0"
    content-type "~1.0.4"
    debug "2.6.9"
    depd "~1.1.1"
    http-errors "~1.6.2"
    iconv-lite "0.4.19"
    on-finished "~2.3.0"
    qs "6.5.1"
    raw-body "2.3.2"
    type-is "~1.6.15"

boxen@^1.3.0:
  version "1.3.0"
  resolved "https://registry.yarnpkg.com/boxen/-/boxen-1.3.0.tgz#55c6c39a8ba58d9c61ad22cd877532deb665a20b"
  dependencies:
    ansi-align "^2.0.0"
    camelcase "^4.0.0"
    chalk "^2.0.1"
    cli-boxes "^1.0.0"
    string-width "^2.0.0"
    term-size "^1.2.0"
    widest-line "^2.0.0"

bytes@3.0.0:
  version "3.0.0"
  resolved "https://registry.yarnpkg.com/bytes/-/bytes-3.0.0.tgz#d32815404d689699f85a4ea4fa8755dd13a96048"

camelcase@^4.0.0:
  version "4.1.0"
  resolved "https://registry.yarnpkg.com/camelcase/-/camelcase-4.1.0.tgz#d545635be1e33c542649c69173e5de6acfae34dd"

chalk@^2.0.1:
  version "2.4.1"
  resolved "https://registry.yarnpkg.com/chalk/-/chalk-2.4.1.tgz#18c49ab16a037b6eb0152cc83e3471338215b66e"
  dependencies:
    ansi-styles "^3.2.1"
    escape-string-regexp "^1.0.5"
    supports-color "^5.3.0"

chownr@^1.0.1:
  version "1.0.1"
  resolved "https://registry.yarnpkg.com/chownr/-/chownr-1.0.1.tgz#e2a75042a9551908bebd25b8523d5f9769d79181"

cli-boxes@^1.0.0:
  version "1.0.0"
  resolved "https://registry.yarnpkg.com/cli-boxes/-/cli-boxes-1.0.0.tgz#4fa917c3e59c94a004cd61f8ee509da651687143"

cli-color@0.3.2:
  version "0.3.2"
  resolved "https://registry.yarnpkg.com/cli-color/-/cli-color-0.3.2.tgz#75fa5f728c308cc4ac594b05e06cc5d80daccd86"
  dependencies:
    d "~0.1.1"
    es5-ext "~0.10.2"
    memoizee "0.3.x"
    timers-ext "0.1.x"

cli-graph@^3.2.2:
  version "3.2.2"
  resolved "https://registry.yarnpkg.com/cli-graph/-/cli-graph-3.2.2.tgz#d6810a263ab10971be688279f67fac98f8df743a"
  dependencies:
    ul "5.0.0"

cli-table@^0.3.1:
  version "0.3.1"
  resolved "https://registry.yarnpkg.com/cli-table/-/cli-table-0.3.1.tgz#f53b05266a8b1a0b934b3d0821e6e2dc5914ae23"
  dependencies:
    colors "1.0.3"

clui@^0.3.6:
  version "0.3.6"
  resolved "https://registry.yarnpkg.com/clui/-/clui-0.3.6.tgz#8e1e5cea7332a6e54083f59da0ccbe1d6f2fa787"
  dependencies:
    cli-color "0.3.2"

color-convert@^1.9.0:
  version "1.9.2"
  resolved "https://registry.yarnpkg.com/color-convert/-/color-convert-1.9.2.tgz#49881b8fba67df12a96bdf3f56c0aab9e7913147"
  dependencies:
    color-name "1.1.1"

color-name@1.1.1:
  version "1.1.1"
  resolved "https://registry.yarnpkg.com/color-name/-/color-name-1.1.1.tgz#4b1415304cf50028ea81643643bd82ea05803689"

colors@1.0.3:
  version "1.0.3"
  resolved "https://registry.yarnpkg.com/colors/-/colors-1.0.3.tgz#0433f44d809680fdeb60ed260f1b0c262e82a40b"

commander@^2.0.0:
  version "2.17.1"
  resolved "https://registry.yarnpkg.com/commander/-/commander-2.17.1.tgz#bd77ab7de6de94205ceacc72f1716d29f20a77bf"

complex.js@2.0.11:
  version "2.0.11"
  resolved "https://registry.yarnpkg.com/complex.js/-/complex.js-2.0.11.tgz#09a873fbf15ffd8c18c9c2201ccef425c32b8bf1"

content-disposition@0.5.2:
  version "0.5.2"
  resolved "https://registry.yarnpkg.com/content-disposition/-/content-disposition-0.5.2.tgz#0cf68bb9ddf5f2be7961c3a85178cb85dba78cb4"

content-type@~1.0.4:
  version "1.0.4"
  resolved "https://registry.yarnpkg.com/content-type/-/content-type-1.0.4.tgz#e138cc75e040c727b1966fe5e5f8c9aee256fe3b"

cookie-signature@1.0.6:
  version "1.0.6"
  resolved "https://registry.yarnpkg.com/cookie-signature/-/cookie-signature-1.0.6.tgz#e303a882b342cc3ee8ca513a79999734dab3ae2c"

cookie@0.3.1:
  version "0.3.1"
  resolved "https://registry.yarnpkg.com/cookie/-/cookie-0.3.1.tgz#e7e0a1f9ef43b4c8ba925c5c5a96e806d16873bb"

cross-spawn@^5.0.1:
  version "5.1.0"
  resolved "https://registry.yarnpkg.com/cross-spawn/-/cross-spawn-5.1.0.tgz#e8bd0efee58fcff6f8f94510a0a554bbfa235449"
  dependencies:
    lru-cache "^4.0.1"
    shebang-command "^1.2.0"
    which "^1.2.9"

d@1:
  version "1.0.0"
  resolved "https://registry.yarnpkg.com/d/-/d-1.0.0.tgz#754bb5bfe55451da69a58b94d45f4c5b0462d58f"
  dependencies:
    es5-ext "^0.10.9"

d@~0.1.1:
  version "0.1.1"
  resolved "https://registry.yarnpkg.com/d/-/d-0.1.1.tgz#da184c535d18d8ee7ba2aa229b914009fae11309"
  dependencies:
    es5-ext "~0.10.2"

debug@2.6.9:
  version "2.6.9"
  resolved "https://registry.yarnpkg.com/debug/-/debug-2.6.9.tgz#5d128515df134ff327e90a4c93f4e077a536341f"
  dependencies:
    ms "2.0.0"

debug@^3.1.0:
  version "3.1.0"
  resolved "https://registry.yarnpkg.com/debug/-/debug-3.1.0.tgz#5bb5a0672628b64149566ba16819e61518c67261"
  dependencies:
    ms "2.0.0"

debug@~2.2.0:
  version "2.2.0"
  resolved "https://registry.yarnpkg.com/debug/-/debug-2.2.0.tgz#f87057e995b1a1f6ae6a4960664137bc56f039da"
  dependencies:
    ms "0.7.1"

decimal.js@10.0.1:
  version "10.0.1"
  resolved "https://registry.yarnpkg.com/decimal.js/-/decimal.js-10.0.1.tgz#d04b16b277f0f9af09671cee225c4882e8857c58"

deffy@2.0.0:
  version "2.0.0"
  resolved "https://registry.yarnpkg.com/deffy/-/deffy-2.0.0.tgz#f82e08eea518c4a0a30b1f03ec504d248af28932"
  dependencies:
    typpy "^2.0.0"

depd@1.1.1:
  version "1.1.1"
  resolved "https://registry.yarnpkg.com/depd/-/depd-1.1.1.tgz#5783b4e1c459f06fa5ca27f991f3d06e7a310359"

depd@~1.1.1, depd@~1.1.2:
  version "1.1.2"
  resolved "https://registry.yarnpkg.com/depd/-/depd-1.1.2.tgz#9bcd52e14c097763e749b274c4346ed2e560b5a9"

destroy@~1.0.4:
  version "1.0.4"
  resolved "https://registry.yarnpkg.com/destroy/-/destroy-1.0.4.tgz#978857442c44749e4206613e37946205826abd80"

ee-first@1.1.1:
  version "1.1.1"
  resolved "https://registry.yarnpkg.com/ee-first/-/ee-first-1.1.1.tgz#590c61156b0ae2f4f0255732a158b266bc56b21d"

encodeurl@~1.0.2:
  version "1.0.2"
  resolved "https://registry.yarnpkg.com/encodeurl/-/encodeurl-1.0.2.tgz#ad3ff4c86ec2d029322f5a02c3a9a606c95b3f59"

es5-ext@^0.10.35, es5-ext@^0.10.9, es5-ext@~0.10.11, es5-ext@~0.10.14, es5-ext@~0.10.2, es5-ext@~0.10.5, es5-ext@~0.10.6:
  version "0.10.45"
  resolved "https://registry.yarnpkg.com/es5-ext/-/es5-ext-0.10.45.tgz#0bfdf7b473da5919d5adf3bd25ceb754fccc3653"
  dependencies:
    es6-iterator "~2.0.3"
    es6-symbol "~3.1.1"
    next-tick "1"

es6-iterator@~0.1.3:
  version "0.1.3"
  resolved "https://registry.yarnpkg.com/es6-iterator/-/es6-iterator-0.1.3.tgz#d6f58b8c4fc413c249b4baa19768f8e4d7c8944e"
  dependencies:
    d "~0.1.1"
    es5-ext "~0.10.5"
    es6-symbol "~2.0.1"

es6-iterator@~2.0.3:
  version "2.0.3"
  resolved "https://registry.yarnpkg.com/es6-iterator/-/es6-iterator-2.0.3.tgz#a7de889141a05a94b0854403b2d0a0fbfa98f3b7"
  dependencies:
    d "1"
    es5-ext "^0.10.35"
    es6-symbol "^3.1.1"

es6-symbol@^3.1.1, es6-symbol@~3.1.1:
  version "3.1.1"
  resolved "https://registry.yarnpkg.com/es6-symbol/-/es6-symbol-3.1.1.tgz#bf00ef4fdab6ba1b46ecb7b629b4c7ed5715cc77"
  dependencies:
    d "1"
    es5-ext "~0.10.14"

es6-symbol@~2.0.1:
  version "2.0.1"
  resolved "https://registry.yarnpkg.com/es6-symbol/-/es6-symbol-2.0.1.tgz#761b5c67cfd4f1d18afb234f691d678682cb3bf3"
  dependencies:
    d "~0.1.1"
    es5-ext "~0.10.5"

es6-weak-map@~0.1.4:
  version "0.1.4"
  resolved "https://registry.yarnpkg.com/es6-weak-map/-/es6-weak-map-0.1.4.tgz#706cef9e99aa236ba7766c239c8b9e286ea7d228"
  dependencies:
    d "~0.1.1"
    es5-ext "~0.10.6"
    es6-iterator "~0.1.3"
    es6-symbol "~2.0.1"

escape-html@~1.0.3:
  version "1.0.3"
  resolved "https://registry.yarnpkg.com/escape-html/-/escape-html-1.0.3.tgz#0258eae4d3d0c0974de1c169188ef0051d1d1988"

escape-latex@1.1.0:
  version "1.1.0"
  resolved "https://registry.yarnpkg.com/escape-latex/-/escape-latex-1.1.0.tgz#c0a94a51eb8c73c3a67a95cc90fbb626cef54539"

escape-string-regexp@^1.0.5:
  version "1.0.5"
  resolved "https://registry.yarnpkg.com/escape-string-regexp/-/escape-string-regexp-1.0.5.tgz#1b61c0562190a8dff6ae3bb2cf0200ca130b86d4"

etag@~1.8.1:
  version "1.8.1"
  resolved "https://registry.yarnpkg.com/etag/-/etag-1.8.1.tgz#41ae2eeb65efa62268aebfea83ac7d79299b0887"

event-emitter@~0.3.4:
  version "0.3.5"
  resolved "https://registry.yarnpkg.com/event-emitter/-/event-emitter-0.3.5.tgz#df8c69eef1647923c7157b9ce83840610b02cc39"
  dependencies:
    d "1"
    es5-ext "~0.10.14"

execa@^0.7.0:
  version "0.7.0"
  resolved "https://registry.yarnpkg.com/execa/-/execa-0.7.0.tgz#944becd34cc41ee32a63a9faf27ad5a65fc59777"
  dependencies:
    cross-spawn "^5.0.1"
    get-stream "^3.0.0"
    is-stream "^1.1.0"
    npm-run-path "^2.0.0"
    p-finally "^1.0.0"
    signal-exit "^3.0.0"
    strip-eof "^1.0.0"

express@^4.16.3:
  version "4.16.3"
  resolved "https://registry.yarnpkg.com/express/-/express-4.16.3.tgz#6af8a502350db3246ecc4becf6b5a34d22f7ed53"
  dependencies:
    accepts "~1.3.5"
    array-flatten "1.1.1"
    body-parser "1.18.2"
    content-disposition "0.5.2"
    content-type "~1.0.4"
    cookie "0.3.1"
    cookie-signature "1.0.6"
    debug "2.6.9"
    depd "~1.1.2"
    encodeurl "~1.0.2"
    escape-html "~1.0.3"
    etag "~1.8.1"
    finalhandler "1.1.1"
    fresh "0.5.2"
    merge-descriptors "1.0.1"
    methods "~1.1.2"
    on-finished "~2.3.0"
    parseurl "~1.3.2"
    path-to-regexp "0.1.7"
    proxy-addr "~2.0.3"
    qs "6.5.1"
    range-parser "~1.2.0"
    safe-buffer "5.1.1"
    send "0.16.2"
    serve-static "1.13.2"
    setprototypeof "1.1.0"
    statuses "~1.4.0"
    type-is "~1.6.16"
    utils-merge "1.0.1"
    vary "~1.1.2"

finalhandler@1.1.1:
  version "1.1.1"
  resolved "https://registry.yarnpkg.com/finalhandler/-/finalhandler-1.1.1.tgz#eebf4ed840079c83f4249038c9d703008301b105"
  dependencies:
    debug "2.6.9"
    encodeurl "~1.0.2"
    escape-html "~1.0.3"
    on-finished "~2.3.0"
    parseurl "~1.3.2"
    statuses "~1.4.0"
    unpipe "~1.0.0"

follow-redirects@>=1.2.0:
  version "1.5.2"
  resolved "https://registry.yarnpkg.com/follow-redirects/-/follow-redirects-1.5.2.tgz#5a9d80e0165957e5ef0c1210678fc5c4acb9fb03"
  dependencies:
    debug "^3.1.0"

forwarded@~0.1.2:
  version "0.1.2"
  resolved "https://registry.yarnpkg.com/forwarded/-/forwarded-0.1.2.tgz#98c23dab1175657b8c0573e8ceccd91b0ff18c84"

fraction.js@4.0.8:
  version "4.0.8"
  resolved "https://registry.yarnpkg.com/fraction.js/-/fraction.js-4.0.8.tgz#e53618112e3b36b348c61a81323173bceb01e418"

fresh@0.5.2:
  version "0.5.2"
  resolved "https://registry.yarnpkg.com/fresh/-/fresh-0.5.2.tgz#3d8cadd90d976569fa835ab1f8e4b23a105605a7"

function.name@^1.0.3:
  version "1.0.10"
  resolved "https://registry.yarnpkg.com/function.name/-/function.name-1.0.10.tgz#ed00c828d98ff9a80186926fd439bdd7c16d4f0d"
  dependencies:
    noop6 "^1.0.1"

gar@^1.0.2:
  version "1.0.3"
  resolved "https://registry.yarnpkg.com/gar/-/gar-1.0.3.tgz#cd6e954dff11821697a9ed5852c7ac5f18df02ce"

get-folder-size@^2.0.0:
  version "2.0.0"
  resolved "https://registry.yarnpkg.com/get-folder-size/-/get-folder-size-2.0.0.tgz#f0ecb4aa30ea855e051366714eaabcc41cf9d43f"
  dependencies:
    gar "^1.0.2"
    tiny-each-async "2.0.3"

get-stream@^3.0.0:
  version "3.0.0"
  resolved "https://registry.yarnpkg.com/get-stream/-/get-stream-3.0.0.tgz#8e943d1358dc37555054ecbe2edb05aa174ede14"

has-flag@^3.0.0:
  version "3.0.0"
  resolved "https://registry.yarnpkg.com/has-flag/-/has-flag-3.0.0.tgz#b5d454dc2199ae225699f3467e5a07f3b955bafd"

http-errors@1.6.2:
  version "1.6.2"
  resolved "https://registry.yarnpkg.com/http-errors/-/http-errors-1.6.2.tgz#0a002cc85707192a7e7946ceedc11155f60ec736"
  dependencies:
    depd "1.1.1"
    inherits "2.0.3"
    setprototypeof "1.0.3"
    statuses ">= 1.3.1 < 2"

http-errors@~1.6.2:
  version "1.6.3"
  resolved "https://registry.yarnpkg.com/http-errors/-/http-errors-1.6.3.tgz#8b55680bb4be283a0b5bf4ea2e38580be1d9320d"
  dependencies:
    depd "~1.1.2"
    inherits "2.0.3"
    setprototypeof "1.1.0"
    statuses ">= 1.4.0 < 2"

iconv-lite@0.4.19:
  version "0.4.19"
  resolved "https://registry.yarnpkg.com/iconv-lite/-/iconv-lite-0.4.19.tgz#f7468f60135f5e5dad3399c0a81be9a1603a082b"

inherits@2.0.3:
  version "2.0.3"
  resolved "https://registry.yarnpkg.com/inherits/-/inherits-2.0.3.tgz#633c2c83e3da42a502f52466022480f4208261de"

ipaddr.js@1.6.0:
  version "1.6.0"
  resolved "https://registry.yarnpkg.com/ipaddr.js/-/ipaddr.js-1.6.0.tgz#e3fa357b773da619f26e95f049d055c72796f86b"

is-fullwidth-code-point@^2.0.0:
  version "2.0.0"
  resolved "https://registry.yarnpkg.com/is-fullwidth-code-point/-/is-fullwidth-code-point-2.0.0.tgz#a3b30a5c4f199183167aaab93beefae3ddfb654f"

is-stream@^1.1.0:
  version "1.1.0"
  resolved "https://registry.yarnpkg.com/is-stream/-/is-stream-1.1.0.tgz#12d4a3dd4e68e0b79ceb8dbc84173ae80d91ca44"

isexe@^2.0.0:
  version "2.0.0"
  resolved "https://registry.yarnpkg.com/isexe/-/isexe-2.0.0.tgz#e8fbf374dc556ff8947a10dcb0572d633f2cfa10"

javascript-natural-sort@0.7.1:
  version "0.7.1"
  resolved "https://registry.yarnpkg.com/javascript-natural-sort/-/javascript-natural-sort-0.7.1.tgz#f9e2303d4507f6d74355a73664d1440fb5a0ef59"

json-stable-stringify@^1.0.1:
  version "1.0.1"
  resolved "https://registry.yarnpkg.com/json-stable-stringify/-/json-stable-stringify-1.0.1.tgz#9a759d39c5f2ff503fd5300646ed445f88c4f9af"
  dependencies:
    jsonify "~0.0.0"

jsonify@~0.0.0:
  version "0.0.0"
  resolved "https://registry.yarnpkg.com/jsonify/-/jsonify-0.0.0.tgz#2c74b6ee41d93ca51b7b5aaee8f503631d252a73"

lokijs@^1.5.5:
  version "1.5.5"
  resolved "https://registry.yarnpkg.com/lokijs/-/lokijs-1.5.5.tgz#1c21f82af7579037fade7b9e4813485c23708bb6"

lru-cache@^4.0.1:
  version "4.1.3"
  resolved "https://registry.yarnpkg.com/lru-cache/-/lru-cache-4.1.3.tgz#a1175cf3496dfc8436c156c334b4955992bce69c"
  dependencies:
    pseudomap "^1.0.2"
    yallist "^2.1.2"

lru-queue@0.1:
  version "0.1.0"
  resolved "https://registry.yarnpkg.com/lru-queue/-/lru-queue-0.1.0.tgz#2738bd9f0d3cf4f84490c5736c48699ac632cda3"
  dependencies:
    es5-ext "~0.10.2"

mathjs@^5.0.4:
  version "5.0.4"
  resolved "https://registry.yarnpkg.com/mathjs/-/mathjs-5.0.4.tgz#651bf7a9ca59ceb8d8f202ae125a5bfa91695a24"
  dependencies:
    complex.js "2.0.11"
    decimal.js "10.0.1"
    escape-latex "1.1.0"
    fraction.js "4.0.8"
    javascript-natural-sort "0.7.1"
    seed-random "2.2.0"
    tiny-emitter "2.0.2"
    typed-function "1.0.4"

media-typer@0.3.0:
  version "0.3.0"
  resolved "https://registry.yarnpkg.com/media-typer/-/media-typer-0.3.0.tgz#8710d7af0aa626f8fffa1ce00168545263255748"

memoizee@0.3.x:
  version "0.3.10"
  resolved "https://registry.yarnpkg.com/memoizee/-/memoizee-0.3.10.tgz#4eca0d8aed39ec9d017f4c5c2f2f6432f42e5c8f"
  dependencies:
    d "~0.1.1"
    es5-ext "~0.10.11"
    es6-weak-map "~0.1.4"
    event-emitter "~0.3.4"
    lru-queue "0.1"
    next-tick "~0.2.2"
    timers-ext "0.1"

merge-descriptors@1.0.1:
  version "1.0.1"
  resolved "https://registry.yarnpkg.com/merge-descriptors/-/merge-descriptors-1.0.1.tgz#b00aaa556dd8b44568150ec9d1b953f3f90cbb61"

methods@~1.1.2:
  version "1.1.2"
  resolved "https://registry.yarnpkg.com/methods/-/methods-1.1.2.tgz#5529a4d67654134edcc5266656835b0f851afcee"

mime-db@~1.35.0:
  version "1.35.0"
  resolved "https://registry.yarnpkg.com/mime-db/-/mime-db-1.35.0.tgz#0569d657466491283709663ad379a99b90d9ab47"

mime-types@~2.1.18:
  version "2.1.19"
  resolved "https://registry.yarnpkg.com/mime-types/-/mime-types-2.1.19.tgz#71e464537a7ef81c15f2db9d97e913fc0ff606f0"
  dependencies:
    mime-db "~1.35.0"

mime@1.4.1:
  version "1.4.1"
  resolved "https://registry.yarnpkg.com/mime/-/mime-1.4.1.tgz#121f9ebc49e3766f311a76e1fa1c8003c4b03aa6"

minimist@0.0.8:
  version "0.0.8"
  resolved "https://registry.yarnpkg.com/minimist/-/minimist-0.0.8.tgz#857fcabfc3397d2625b8228262e86aa7a011b05d"

minimist@^1.2.0:
  version "1.2.0"
  resolved "https://registry.yarnpkg.com/minimist/-/minimist-1.2.0.tgz#a35008b20f41383eec1fb914f4cd5df79a264284"

minipass@^2.0.2, minipass@^2.2.1:
  version "2.3.3"
  resolved "https://registry.yarnpkg.com/minipass/-/minipass-2.3.3.tgz#a7dcc8b7b833f5d368759cce544dccb55f50f233"
  dependencies:
    safe-buffer "^5.1.2"
    yallist "^3.0.0"

minizlib@^1.0.3:
  version "1.1.0"
  resolved "https://registry.yarnpkg.com/minizlib/-/minizlib-1.1.0.tgz#11e13658ce46bc3a70a267aac58359d1e0c29ceb"
  dependencies:
    minipass "^2.2.1"

mkdirp@^0.5.0:
  version "0.5.1"
  resolved "https://registry.yarnpkg.com/mkdirp/-/mkdirp-0.5.1.tgz#30057438eac6cf7f8c4767f38648d6697d75c903"
  dependencies:
    minimist "0.0.8"

ms@0.7.1:
  version "0.7.1"
  resolved "https://registry.yarnpkg.com/ms/-/ms-0.7.1.tgz#9cd13c03adbff25b65effde7ce864ee952017098"

ms@2.0.0:
  version "2.0.0"
  resolved "https://registry.yarnpkg.com/ms/-/ms-2.0.0.tgz#5608aeadfc00be6c2901df5f9861788de0d597c8"

natural@^0.6.1:
  version "0.6.1"
  resolved "https://registry.yarnpkg.com/natural/-/natural-0.6.1.tgz#2307bf04f17201286aea14630a08f7d7fbc2d060"
  dependencies:
    afinn-165 "^1.0.2"
    apparatus "^0.0.10"
    json-stable-stringify "^1.0.1"
    sylvester "^0.0.12"
    underscore "^1.3.1"

negotiator@0.6.1:
  version "0.6.1"
  resolved "https://registry.yarnpkg.com/negotiator/-/negotiator-0.6.1.tgz#2b327184e8992101177b28563fb5e7102acd0ca9"

next-tick@1:
  version "1.0.0"
  resolved "https://registry.yarnpkg.com/next-tick/-/next-tick-1.0.0.tgz#ca86d1fe8828169b0120208e3dc8424b9db8342c"

next-tick@~0.2.2:
  version "0.2.2"
  resolved "https://registry.yarnpkg.com/next-tick/-/next-tick-0.2.2.tgz#75da4a927ee5887e39065880065b7336413b310d"

node-rest-client@^3.1.0:
  version "3.1.0"
  resolved "https://registry.yarnpkg.com/node-rest-client/-/node-rest-client-3.1.0.tgz#e0beb6dda7b20cc0b67a7847cf12c5fc419c37c3"
  dependencies:
    debug "~2.2.0"
    follow-redirects ">=1.2.0"
    xml2js ">=0.2.4"

noop6@^1.0.1:
  version "1.0.7"
  resolved "https://registry.yarnpkg.com/noop6/-/noop6-1.0.7.tgz#96767bf2058ba59ca8cb91559347ddc80239fa8e"

npm-run-path@^2.0.0:
  version "2.0.2"
  resolved "https://registry.yarnpkg.com/npm-run-path/-/npm-run-path-2.0.2.tgz#35a9232dfa35d7067b4cb2ddf2357b1871536c5f"
  dependencies:
    path-key "^2.0.0"

on-finished@~2.3.0:
  version "2.3.0"
  resolved "https://registry.yarnpkg.com/on-finished/-/on-finished-2.3.0.tgz#20f1336481b083cd75337992a16971aa2d906947"
  dependencies:
    ee-first "1.1.1"

p-finally@^1.0.0:
  version "1.0.0"
  resolved "https://registry.yarnpkg.com/p-finally/-/p-finally-1.0.0.tgz#3fbcfb15b899a44123b34b6dcc18b724336a2cae"

parseurl@~1.3.2:
  version "1.3.2"
  resolved "https://registry.yarnpkg.com/parseurl/-/parseurl-1.3.2.tgz#fc289d4ed8993119460c156253262cdc8de65bf3"

path-key@^2.0.0:
  version "2.0.1"
  resolved "https://registry.yarnpkg.com/path-key/-/path-key-2.0.1.tgz#411cadb574c5a140d3a4b1910d40d80cc9f40b40"

path-to-regexp@0.1.7:
  version "0.1.7"
  resolved "https://registry.yarnpkg.com/path-to-regexp/-/path-to-regexp-0.1.7.tgz#df604178005f522f15eb4490e7247a1bfaa67f8c"

"picpic-core@https://github.com/mgschoen/picpic-core.git#e4501665c0eb967aa0fcc7d0a0c969c03bb36911":
  version "0.0.0"
  resolved "https://github.com/mgschoen/picpic-core.git#e4501665c0eb967aa0fcc7d0a0c969c03bb36911"
  dependencies:
    boxen "^1.3.0"
    cli-graph "^3.2.2"
    cli-table "^0.3.1"
    clui "^0.3.6"
    mathjs "^5.0.4"
    minimist "^1.2.0"
    natural "^0.6.1"
    node-rest-client "^3.1.0"
    wordnet-db "^3.1.6"
    wordpos "^1.1.6"

proxy-addr@~2.0.3:
  version "2.0.3"
  resolved "https://registry.yarnpkg.com/proxy-addr/-/proxy-addr-2.0.3.tgz#355f262505a621646b3130a728eb647e22055341"
  dependencies:
    forwarded "~0.1.2"
    ipaddr.js "1.6.0"

pseudomap@^1.0.2:
  version "1.0.2"
  resolved "https://registry.yarnpkg.com/pseudomap/-/pseudomap-1.0.2.tgz#f052a28da70e618917ef0a8ac34c1ae5a68286b3"

qs@6.5.1:
  version "6.5.1"
  resolved "https://registry.yarnpkg.com/qs/-/qs-6.5.1.tgz#349cdf6eef89ec45c12d7d5eb3fc0c870343a6d8"

range-parser@~1.2.0:
  version "1.2.0"
  resolved "https://registry.yarnpkg.com/range-parser/-/range-parser-1.2.0.tgz#f49be6b487894ddc40dcc94a322f611092e00d5e"

raw-body@2.3.2:
  version "2.3.2"
  resolved "https://registry.yarnpkg.com/raw-body/-/raw-body-2.3.2.tgz#bcd60c77d3eb93cde0050295c3f379389bc88f89"
  dependencies:
    bytes "3.0.0"
    http-errors "1.6.2"
    iconv-lite "0.4.19"
    unpipe "1.0.0"

safe-buffer@5.1.1:
  version "5.1.1"
  resolved "https://registry.yarnpkg.com/safe-buffer/-/safe-buffer-5.1.1.tgz#893312af69b2123def71f57889001671eeb2c853"

safe-buffer@^5.1.2:
  version "5.1.2"
  resolved "https://registry.yarnpkg.com/safe-buffer/-/safe-buffer-5.1.2.tgz#991ec69d296e0313747d59bdfd2b745c35f8828d"

sax@>=0.6.0:
  version "1.2.4"
  resolved "https://registry.yarnpkg.com/sax/-/sax-1.2.4.tgz#2816234e2378bddc4e5354fab5caa895df7100d9"

seed-random@2.2.0:
  version "2.2.0"
  resolved "https://registry.yarnpkg.com/seed-random/-/seed-random-2.2.0.tgz#2a9b19e250a817099231a5b99a4daf80b7fbed54"

send@0.16.2:
  version "0.16.2"
  resolved "https://registry.yarnpkg.com/send/-/send-0.16.2.tgz#6ecca1e0f8c156d141597559848df64730a6bbc1"
  dependencies:
    debug "2.6.9"
    depd "~1.1.2"
    destroy "~1.0.4"
    encodeurl "~1.0.2"
    escape-html "~1.0.3"
    etag "~1.8.1"
    fresh "0.5.2"
    http-errors "~1.6.2"
    mime "1.4.1"
    ms "2.0.0"
    on-finished "~2.3.0"
    range-parser "~1.2.0"
    statuses "~1.4.0"

serve-static@1.13.2:
  version "1.13.2"
  resolved "https://registry.yarnpkg.com/serve-static/-/serve-static-1.13.2.tgz#095e8472fd5b46237db50ce486a43f4b86c6cec1"
  dependencies:
    encodeurl "~1.0.2"
    escape-html "~1.0.3"
    parseurl "~1.3.2"
    send "0.16.2"

setprototypeof@1.0.3:
  version "1.0.3"
  resolved "https://registry.yarnpkg.com/setprototypeof/-/setprototypeof-1.0.3.tgz#66567e37043eeb4f04d91bd658c0cbefb55b8e04"

setprototypeof@1.1.0:
  version "1.1.0"
  resolved "https://registry.yarnpkg.com/setprototypeof/-/setprototypeof-1.1.0.tgz#d0bd85536887b6fe7c0d818cb962d9d91c54e656"

shebang-command@^1.2.0:
  version "1.2.0"
  resolved "https://registry.yarnpkg.com/shebang-command/-/shebang-command-1.2.0.tgz#44aac65b695b03398968c39f363fee5deafdf1ea"
  dependencies:
    shebang-regex "^1.0.0"

shebang-regex@^1.0.0:
  version "1.0.0"
  resolved "https://registry.yarnpkg.com/shebang-regex/-/shebang-regex-1.0.0.tgz#da42f49740c0b42db2ca9728571cb190c98efea3"

signal-exit@^3.0.0:
  version "3.0.2"
  resolved "https://registry.yarnpkg.com/signal-exit/-/signal-exit-3.0.2.tgz#b5fdc08f1287ea1178628e415e25132b73646c6d"

"statuses@>= 1.3.1 < 2", "statuses@>= 1.4.0 < 2":
  version "1.5.0"
  resolved "https://registry.yarnpkg.com/statuses/-/statuses-1.5.0.tgz#161c7dac177659fd9811f43771fa99381478628c"

statuses@~1.4.0:
  version "1.4.0"
  resolved "https://registry.yarnpkg.com/statuses/-/statuses-1.4.0.tgz#bb73d446da2796106efcc1b601a253d6c46bd087"

string-width@^2.0.0, string-width@^2.1.1:
  version "2.1.1"
  resolved "https://registry.yarnpkg.com/string-width/-/string-width-2.1.1.tgz#ab93f27a8dc13d28cac815c462143a6d9012ae9e"
  dependencies:
    is-fullwidth-code-point "^2.0.0"
    strip-ansi "^4.0.0"

strip-ansi@^4.0.0:
  version "4.0.0"
  resolved "https://registry.yarnpkg.com/strip-ansi/-/strip-ansi-4.0.0.tgz#a8479022eb1ac368a871389b635262c505ee368f"
  dependencies:
    ansi-regex "^3.0.0"

strip-eof@^1.0.0:
  version "1.0.0"
  resolved "https://registry.yarnpkg.com/strip-eof/-/strip-eof-1.0.0.tgz#bb43ff5598a6eb05d89b59fcd129c983313606bf"

supports-color@^5.3.0:
  version "5.4.0"
  resolved "https://registry.yarnpkg.com/supports-color/-/supports-color-5.4.0.tgz#1c6b337402c2137605efe19f10fec390f6faab54"
  dependencies:
    has-flag "^3.0.0"

"sylvester@>= 0.0.8":
  version "0.0.21"
  resolved "https://registry.yarnpkg.com/sylvester/-/sylvester-0.0.21.tgz#2987b1ce2bd2f38b0dce2a34388884bfa4400ea7"

sylvester@^0.0.12:
  version "0.0.12"
  resolved "https://registry.yarnpkg.com/sylvester/-/sylvester-0.0.12.tgz#5a884415cd2d002c57e7a3aac99462a75ce9fdb4"

tar@^3.1:
  version "3.2.1"
  resolved "https://registry.yarnpkg.com/tar/-/tar-3.2.1.tgz#9aa8e41c88f09e76c166075bc71f93d5166e61b1"
  dependencies:
    chownr "^1.0.1"
    minipass "^2.0.2"
    minizlib "^1.0.3"
    mkdirp "^0.5.0"
    yallist "^3.0.2"

term-size@^1.2.0:
  version "1.2.0"
  resolved "https://registry.yarnpkg.com/term-size/-/term-size-1.2.0.tgz#458b83887f288fc56d6fffbfad262e26638efa69"
  dependencies:
    execa "^0.7.0"

timers-ext@0.1, timers-ext@0.1.x:
  version "0.1.5"
  resolved "https://registry.yarnpkg.com/timers-ext/-/timers-ext-0.1.5.tgz#77147dd4e76b660c2abb8785db96574cbbd12922"
  dependencies:
    es5-ext "~0.10.14"
    next-tick "1"

tiny-each-async@2.0.3:
  version "2.0.3"
  resolved "https://registry.yarnpkg.com/tiny-each-async/-/tiny-each-async-2.0.3.tgz#8ebbbfd6d6295f1370003fbb37162afe5a0a51d1"

tiny-emitter@2.0.2:
  version "2.0.2"
  resolved "https://registry.yarnpkg.com/tiny-emitter/-/tiny-emitter-2.0.2.tgz#82d27468aca5ade8e5fd1e6d22b57dd43ebdfb7c"

type-is@~1.6.15, type-is@~1.6.16:
  version "1.6.16"
  resolved "https://registry.yarnpkg.com/type-is/-/type-is-1.6.16.tgz#f89ce341541c672b25ee7ae3c73dee3b2be50194"
  dependencies:
    media-typer "0.3.0"
    mime-types "~2.1.18"

typed-function@1.0.4:
  version "1.0.4"
  resolved "https://registry.yarnpkg.com/typed-function/-/typed-function-1.0.4.tgz#6b25993b8587b0a5c3356585d6ef99aa63f6d317"

typpy@2.0.0:
  version "2.0.0"
  resolved "https://registry.yarnpkg.com/typpy/-/typpy-2.0.0.tgz#adef3bacc12ff47aff920fab03a8ff3279d737d6"

typpy@^2.0.0:
  version "2.3.10"
  resolved "https://registry.yarnpkg.com/typpy/-/typpy-2.3.10.tgz#63a39e4171cbbb4cdefb590009228a3de9a22b2f"
  dependencies:
    function.name "^1.0.3"

ul@5.0.0:
  version "5.0.0"
  resolved "https://registry.yarnpkg.com/ul/-/ul-5.0.0.tgz#ca80d793025f3fd5dc9bf83469818d310a7c9a62"
  dependencies:
    deffy "2.0.0"
    typpy "2.0.0"

underscore@>=1.3.1, underscore@^1.3.1:
  version "1.9.1"
  resolved "https://registry.yarnpkg.com/underscore/-/underscore-1.9.1.tgz#06dce34a0e68a7babc29b365b8e74b8925203961"

unpipe@1.0.0, unpipe@~1.0.0:
  version "1.0.0"
  resolved "https://registry.yarnpkg.com/unpipe/-/unpipe-1.0.0.tgz#b2bf4ee8514aae6165b4817829d21b2ef49904ec"

utils-merge@1.0.1:
  version "1.0.1"
  resolved "https://registry.yarnpkg.com/utils-merge/-/utils-merge-1.0.1.tgz#9f95710f50a267947b2ccc124741c1028427e713"

vary@~1.1.2:
  version "1.1.2"
  resolved "https://registry.yarnpkg.com/vary/-/vary-1.1.2.tgz#2299f02c6ded30d4a5961b0b9f74524a18f634fc"

which@^1.2.9:
  version "1.3.1"
  resolved "https://registry.yarnpkg.com/which/-/which-1.3.1.tgz#a45043d54f5805316da8d62f9f50918d3da70b0a"
  dependencies:
    isexe "^2.0.0"

widest-line@^2.0.0:
  version "2.0.0"
  resolved "https://registry.yarnpkg.com/widest-line/-/widest-line-2.0.0.tgz#0142a4e8a243f8882c0233aa0e0281aa76152273"
  dependencies:
    string-width "^2.1.1"

wordnet-db@^3.1.6:
  version "3.1.6"
  resolved "https://registry.yarnpkg.com/wordnet-db/-/wordnet-db-3.1.6.tgz#ef991a38e986ab91e1b036a2f991798c13620f98"
  dependencies:
    tar "^3.1"

wordpos@^1.1.6:
  version "1.1.6"
  resolved "https://registry.yarnpkg.com/wordpos/-/wordpos-1.1.6.tgz#342817d7a9fddda7c71ac4e7757363508258df90"
  dependencies:
    commander "^2.0.0"
    underscore ">=1.3.1"
    wordnet-db "^3.1.6"

xml2js@>=0.2.4:
  version "0.4.19"
  resolved "https://registry.yarnpkg.com/xml2js/-/xml2js-0.4.19.tgz#686c20f213209e94abf0d1bcf1efaa291c7827a7"
  dependencies:
    sax ">=0.6.0"
    xmlbuilder "~9.0.1"

xmlbuilder@~9.0.1:
  version "9.0.7"
  resolved "https://registry.yarnpkg.com/xmlbuilder/-/xmlbuilder-9.0.7.tgz#132ee63d2ec5565c557e20f4c22df9aca686b10d"

yallist@^2.1.2:
  version "2.1.2"
  resolved "https://registry.yarnpkg.com/yallist/-/yallist-2.1.2.tgz#1c11f9218f076089a47dd512f93c6699a6a81d52"

yallist@^3.0.0, yallist@^3.0.2:
  version "3.0.2"
  resolved "https://registry.yarnpkg.com/yallist/-/yallist-3.0.2.tgz#8452b4bb7e83c7c188d8041c1a837c773d6d8bb9"
